
Microsoft Visual Studio Solution File, Format Version 12.00
# Visual Studio 14
VisualStudioVersion = 14.0.25420.1
MinimumVisualStudioVersion = 10.0.40219.1
Project("{FAE04EC0-301F-11D3-BF4B-00C04F79EFBC}") = "Dankos.Model", "Dankos.Model\Dankos.Model.csproj", "{9014743F-5BA9-4FC8-8668-24C45648F690}"
EndProject
Project("{FAE04EC0-301F-11D3-BF4B-00C04F79EFBC}") = "Dankos.ViewModel", "Dankos.ViewModel\Dankos.ViewModel.csproj", "{173C28BB-7A88-4CC8-B621-BE39DE3D43F9}"
EndProject
Project("{FAE04EC0-301F-11D3-BF4B-00C04F79EFBC}") = "Dankos.Repo", "Dankos.Repo\Dankos.Repo.csproj", "{8F607B98-2B11-49AF-BC44-CE8C32BD2453}"
EndProject
Project("{FAE04EC0-301F-11D3-BF4B-00C04F79EFBC}") = "Dankos.Web", "Dankos.Web\Dankos.Web.csproj", "{8A635BD5-EBB4-44B2-8164-09AB0B56EBD6}"
EndProject
Global
	GlobalSection(SolutionConfigurationPlatforms) = preSolution
		Debug|Any CPU = Debug|Any CPU
		Release|Any CPU = Release|Any CPU
	EndGlobalSection
	GlobalSection(ProjectConfigurationPlatforms) = postSolution
		{9014743F-5BA9-4FC8-8668-24C45648F690}.Debug|Any CPU.ActiveCfg = Debug|Any CPU
		{9014743F-5BA9-4FC8-8668-24C45648F690}.Debug|Any CPU.Build.0 = Debug|Any CPU
		{9014743F-5BA9-4FC8-8668-24C45648F690}.Release|Any CPU.ActiveCfg = Release|Any CPU
		{9014743F-5BA9-4FC8-8668-24C45648F690}.Release|Any CPU.Build.0 = Release|Any CPU
		{173C28BB-7A88-4CC8-B621-BE39DE3D43F9}.Debug|Any CPU.ActiveCfg = Debug|Any CPU
		{173C28BB-7A88-4CC8-B621-BE39DE3D43F9}.Debug|Any CPU.Build.0 = Debug|Any CPU
		{173C28BB-7A88-4CC8-B621-BE39DE3D43F9}.Release|Any CPU.ActiveCfg = Release|Any CPU
		{173C28BB-7A88-4CC8-B621-BE39DE3D43F9}.Release|Any CPU.Build.0 = Release|Any CPU
		{8F607B98-2B11-49AF-BC44-CE8C32BD2453}.Debug|Any CPU.ActiveCfg = Debug|Any CPU
		{8F607B98-2B11-49AF-BC44-CE8C32BD2453}.Debug|Any CPU.Build.0 = Debug|Any CPU
		{8F607B98-2B11-49AF-BC44-CE8C32BD2453}.Release|Any CPU.ActiveCfg = Release|Any CPU
		{8F607B98-2B11-49AF-BC44-CE8C32BD2453}.Release|Any CPU.Build.0 = Release|Any CPU
		{8A635BD5-EBB4-44B2-8164-09AB0B56EBD6}.Debug|Any CPU.ActiveCfg = Debug|Any CPU
		{8A635BD5-EBB4-44B2-8164-09AB0B56EBD6}.Debug|Any CPU.Build.0 = Debug|Any CPU
		{8A635BD5-EBB4-44B2-8164-09AB0B56EBD6}.Release|Any CPU.ActiveCfg = Release|Any CPU
		{8A635BD5-EBB4-44B2-8164-09AB0B56EBD6}.Release|Any CPU.Build.0 = Release|Any CPU
	EndGlobalSection
	GlobalSection(SolutionProperties) = preSolution
		HideSolutionNode = FALSE
	EndGlobalSection
EndGlobal
